// !$*UTF8*$!
{
	archiveVersion = 1;
	classes = {
	};
	objectVersion = 46;
	objects = {

/* Begin PBXBuildFile section */
		571927771A7D62F000AA8AED /* DecorationsView.m in Sources */ = {isa = PBXBuildFile; fileRef = 571927761A7D62F000AA8AED /* DecorationsView.m */; };
		5788B9041A7D47360057200A /* main.m in Sources */ = {isa = PBXBuildFile; fileRef = 5788B9031A7D47360057200A /* main.m */; };
		5788B9071A7D47370057200A /* AppDelegate.m in Sources */ = {isa = PBXBuildFile; fileRef = 5788B9061A7D47370057200A /* AppDelegate.m */; };
		5788B90A1A7D47370057200A /* ViewController.m in Sources */ = {isa = PBXBuildFile; fileRef = 5788B9091A7D47370057200A /* ViewController.m */; };
		5788B90D1A7D47370057200A /* Main.storyboard in Resources */ = {isa = PBXBuildFile; fileRef = 5788B90B1A7D47370057200A /* Main.storyboard */; };
		5788B90F1A7D47370057200A /* Images.xcassets in Resources */ = {isa = PBXBuildFile; fileRef = 5788B90E1A7D47370057200A /* Images.xcassets */; };
		5788B9121A7D47370057200A /* LaunchScreen.xib in Resources */ = {isa = PBXBuildFile; fileRef = 5788B9101A7D47370057200A /* LaunchScreen.xib */; };
		5788B91E1A7D47370057200A /* The_Day_of_CycleTests.m in Sources */ = {isa = PBXBuildFile; fileRef = 5788B91D1A7D47370057200A /* The_Day_of_CycleTests.m */; };
/* End PBXBuildFile section */

/* Begin PBXContainerItemProxy section */
		5788B9181A7D47370057200A /* PBXContainerItemProxy */ = {
			isa = PBXContainerItemProxy;
			containerPortal = 5788B8F61A7D47360057200A /* Project object */;
			proxyType = 1;
			remoteGlobalIDString = 5788B8FD1A7D47360057200A;
			remoteInfo = "The Day of Cycle";
		};
/* End PBXContainerItemProxy section */

/* Begin PBXFileReference section */
		571927751A7D62F000AA8AED /* DecorationsView.h */ = {isa = PBXFileReference; fileEncoding = 4; lastKnownFileType = sourcecode.c.h; path = DecorationsView.h; sourceTree = "<group>"; };
		571927761A7D62F000AA8AED /* DecorationsView.m */ = {isa = PBXFileReference; fileEncoding = 4; lastKnownFileType = sourcecode.c.objc; path = DecorationsView.m; sourceTree = "<group>"; };
		5788B8FE1A7D47360057200A /* The Day of Cycle.app */ = {isa = PBXFileReference; explicitFileType = wrapper.application; includeInIndex = 0; path = "The Day of Cycle.app"; sourceTree = BUILT_PRODUCTS_DIR; };
		5788B9021A7D47360057200A /* Info.plist */ = {isa = PBXFileReference; lastKnownFileType = text.plist.xml; path = Info.plist; sourceTree = "<group>"; };
		5788B9031A7D47360057200A /* main.m */ = {isa = PBXFileReference; lastKnownFileType = sourcecode.c.objc; path = main.m; sourceTree = "<group>"; };
		5788B9051A7D47360057200A /* AppDelegate.h */ = {isa = PBXFileReference; lastKnownFileType = sourcecode.c.h; path = AppDelegate.h; sourceTree = "<group>"; };
		5788B9061A7D47370057200A /* AppDelegate.m */ = {isa = PBXFileReference; lastKnownFileType = sourcecode.c.objc; path = AppDelegate.m; sourceTree = "<group>"; };
		5788B9081A7D47370057200A /* ViewController.h */ = {isa = PBXFileReference; lastKnownFileType = sourcecode.c.h; path = ViewController.h; sourceTree = "<group>"; };
		5788B9091A7D47370057200A /* ViewController.m */ = {isa = PBXFileReference; lastKnownFileType = sourcecode.c.objc; path = ViewController.m; sourceTree = "<group>"; };
		5788B90C1A7D47370057200A /* Base */ = {isa = PBXFileReference; lastKnownFileType = file.storyboard; name = Base; path = Base.lproj/Main.storyboard; sourceTree = "<group>"; };
		5788B90E1A7D47370057200A /* Images.xcassets */ = {isa = PBXFileReference; lastKnownFileType = folder.assetcatalog; path = Images.xcassets; sourceTree = "<group>"; };
		5788B9111A7D47370057200A /* Base */ = {isa = PBXFileReference; lastKnownFileType = file.xib; name = Base; path = Base.lproj/LaunchScreen.xib; sourceTree = "<group>"; };
		5788B9171A7D47370057200A /* The Day of CycleTests.xctest */ = {isa = PBXFileReference; explicitFileType = wrapper.cfbundle; includeInIndex = 0; path = "The Day of CycleTests.xctest"; sourceTree = BUILT_PRODUCTS_DIR; };
		5788B91C1A7D47370057200A /* Info.plist */ = {isa = PBXFileReference; lastKnownFileType = text.plist.xml; path = Info.plist; sourceTree = "<group>"; };
		5788B91D1A7D47370057200A /* The_Day_of_CycleTests.m */ = {isa = PBXFileReference; lastKnownFileType = sourcecode.c.objc; path = The_Day_of_CycleTests.m; sourceTree = "<group>"; };
/* End PBXFileReference section */

/* Begin PBXFrameworksBuildPhase section */
		5788B8FB1A7D47360057200A /* Frameworks */ = {
			isa = PBXFrameworksBuildPhase;
			buildActionMask = 2147483647;
			files = (
			);
			runOnlyForDeploymentPostprocessing = 0;
		};
		5788B9141A7D47370057200A /* Frameworks */ = {
			isa = PBXFrameworksBuildPhase;
			buildActionMask = 2147483647;
			files = (
			);
			runOnlyForDeploymentPostprocessing = 0;
		};
/* End PBXFrameworksBuildPhase section */

/* Begin PBXGroup section */
		5788B8F51A7D47360057200A = {
			isa = PBXGroup;
			children = (
				5788B9001A7D47360057200A /* The Day of Cycle */,
				5788B91A1A7D47370057200A /* The Day of CycleTests */,
				5788B8FF1A7D47360057200A /* Products */,
			);
			sourceTree = "<group>";
		};
		5788B8FF1A7D47360057200A /* Products */ = {
			isa = PBXGroup;
			children = (
				5788B8FE1A7D47360057200A /* The Day of Cycle.app */,
				5788B9171A7D47370057200A /* The Day of CycleTests.xctest */,
			);
			name = Products;
			sourceTree = "<group>";
		};
		5788B9001A7D47360057200A /* The Day of Cycle */ = {
			isa = PBXGroup;
			children = (
				5788B9051A7D47360057200A /* AppDelegate.h */,
				5788B9061A7D47370057200A /* AppDelegate.m */,
				5788B9081A7D47370057200A /* ViewController.h */,
				571927751A7D62F000AA8AED /* DecorationsView.h */,
				571927761A7D62F000AA8AED /* DecorationsView.m */,
				5788B9091A7D47370057200A /* ViewController.m */,
				5788B90B1A7D47370057200A /* Main.storyboard */,
				5788B90E1A7D47370057200A /* Images.xcassets */,
				5788B9101A7D47370057200A /* LaunchScreen.xib */,
				5788B9011A7D47360057200A /* Supporting Files */,
			);
			path = "The Day of Cycle";
			sourceTree = "<group>";
		};
		5788B9011A7D47360057200A /* Supporting Files */ = {
			isa = PBXGroup;
			children = (
				5788B9021A7D47360057200A /* Info.plist */,
				5788B9031A7D47360057200A /* main.m */,
			);
			name = "Supporting Files";
			sourceTree = "<group>";
		};
		5788B91A1A7D47370057200A /* The Day of CycleTests */ = {
			isa = PBXGroup;
			children = (
				5788B91D1A7D47370057200A /* The_Day_of_CycleTests.m */,
				5788B91B1A7D47370057200A /* Supporting Files */,
			);
			path = "The Day of CycleTests";
			sourceTree = "<group>";
		};
		5788B91B1A7D47370057200A /* Supporting Files */ = {
			isa = PBXGroup;
			children = (
				5788B91C1A7D47370057200A /* Info.plist */,
			);
			name = "Supporting Files";
			sourceTree = "<group>";
		};
/* End PBXGroup section */

/* Begin PBXNativeTarget section */
		5788B8FD1A7D47360057200A /* The Day of Cycle */ = {
			isa = PBXNativeTarget;
			buildConfigurationList = 5788B9211A7D47370057200A /* Build configuration list for PBXNativeTarget "The Day of Cycle" */;
			buildPhases = (
				5788B8FA1A7D47360057200A /* Sources */,
				5788B8FB1A7D47360057200A /* Frameworks */,
				5788B8FC1A7D47360057200A /* Resources */,
			);
			buildRules = (
			);
			dependencies = (
			);
			name = "The Day of Cycle";
			productName = "The Day of Cycle";
			productReference = 5788B8FE1A7D47360057200A /* The Day of Cycle.app */;
			productType = "com.apple.product-type.application";
		};
		5788B9161A7D47370057200A /* The Day of CycleTests */ = {
			isa = PBXNativeTarget;
			buildConfigurationList = 5788B9241A7D47370057200A /* Build configuration list for PBXNativeTarget "The Day of CycleTests" */;
			buildPhases = (
				5788B9131A7D47370057200A /* Sources */,
				5788B9141A7D47370057200A /* Frameworks */,
				5788B9151A7D47370057200A /* Resources */,
			);
			buildRules = (
			);
			dependencies = (
				5788B9191A7D47370057200A /* PBXTargetDependency */,
			);
			name = "The Day of CycleTests";
			productName = "The Day of CycleTests";
			productReference = 5788B9171A7D47370057200A /* The Day of CycleTests.xctest */;
			productType = "com.apple.product-type.bundle.unit-test";
		};
/* End PBXNativeTarget section */

/* Begin PBXProject section */
		5788B8F61A7D47360057200A /* Project object */ = {
			isa = PBXProject;
			attributes = {
				LastUpgradeCheck = 0600;
				ORGANIZATIONNAME = "Alexander Ostrovsky";
				TargetAttributes = {
					5788B8FD1A7D47360057200A = {
						CreatedOnToolsVersion = 6.0.1;
					};
					5788B9161A7D47370057200A = {
						CreatedOnToolsVersion = 6.0.1;
						TestTargetID = 5788B8FD1A7D47360057200A;
					};
				};
			};
			buildConfigurationList = 5788B8F91A7D47360057200A /* Build configuration list for PBXProject "The Day of Cycle" */;
			compatibilityVersion = "Xcode 3.2";
			developmentRegion = English;
			hasScannedForEncodings = 0;
			knownRegions = (
				en,
				Base,
			);
			mainGroup = 5788B8F51A7D47360057200A;
			productRefGroup = 5788B8FF1A7D47360057200A /* Products */;
			projectDirPath = "";
			projectRoot = "";
			targets = (
				5788B8FD1A7D47360057200A /* The Day of Cycle */,
				5788B9161A7D47370057200A /* The Day of CycleTests */,
			);
		};
/* End PBXProject section */

/* Begin PBXResourcesBuildPhase section */
		5788B8FC1A7D47360057200A /* Resources */ = {
			isa = PBXResourcesBuildPhase;
			buildActionMask = 2147483647;
			files = (
				5788B90D1A7D47370057200A /* Main.storyboard in Resources */,
				5788B9121A7D47370057200A /* LaunchScreen.xib in Resources */,
				5788B90F1A7D47370057200A /* Images.xcassets in Resources */,
			);
			runOnlyForDeploymentPostprocessing = 0;
		};
		5788B9151A7D47370057200A /* Resources */ = {
			isa = PBXResourcesBuildPhase;
			buildActionMask = 2147483647;
			files = (
			);
			runOnlyForDeploymentPostprocessing = 0;
		};
/* End PBXResourcesBuildPhase section */

/* Begin PBXSourcesBuildPhase section */
		5788B8FA1A7D47360057200A /* Sources */ = {
			isa = PBXSourcesBuildPhase;
			buildActionMask = 2147483647;
			files = (
				5788B90A1A7D47370057200A /* ViewController.m in Sources */,
				5788B9071A7D47370057200A /* AppDelegate.m in Sources */,
				571927771A7D62F000AA8AED /* DecorationsView.m in Sources */,
				5788B9041A7D47360057200A /* main.m in Sources */,
			);
			runOnlyForDeploymentPostprocessing = 0;
		};
		5788B9131A7D47370057200A /* Sources */ = {
			isa = PBXSourcesBuildPhase;
			buildActionMask = 2147483647;
			files = (
				5788B91E1A7D47370057200A /* The_Day_of_CycleTests.m in Sources */,
			);
			runOnlyForDeploymentPostprocessing = 0;
		};
/* End PBXSourcesBuildPhase section */

/* Begin PBXTargetDependency section */
		5788B9191A7D47370057200A /* PBXTargetDependency */ = {
			isa = PBXTargetDependency;
			target = 5788B8FD1A7D47360057200A /* The Day of Cycle */;
			targetProxy = 5788B9181A7D47370057200A /* PBXContainerItemProxy */;
		};
/* End PBXTargetDependency section */

/* Begin PBXVariantGroup section */
		5788B90B1A7D47370057200A /* Main.storyboard */ = {
			isa = PBXVariantGroup;
			children = (
				5788B90C1A7D47370057200A /* Base */,
			);
			name = Main.storyboard;
			sourceTree = "<group>";
		};
		5788B9101A7D47370057200A /* LaunchScreen.xib */ = {
			isa = PBXVariantGroup;
			children = (
				5788B9111A7D47370057200A /* Base */,
			);
			name = LaunchScreen.xib;
			sourceTree = "<group>";
		};
/* End PBXVariantGroup section */

/* Begin XCBuildConfiguration section */
		5788B91F1A7D47370057200A /* Debug */ = {
			isa = XCBuildConfiguration;
			buildSettings = {
				ALWAYS_SEARCH_USER_PATHS = NO;
				CLANG_CXX_LANGUAGE_STANDARD = "gnu++0x";
				CLANG_CXX_LIBRARY = "libc++";
				CLANG_ENABLE_MODULES = YES;
				CLANG_ENABLE_OBJC_ARC = YES;
				CLANG_WARN_BOOL_CONVERSION = YES;
				CLANG_WARN_CONSTANT_CONVERSION = YES;
				CLANG_WARN_DIRECT_OBJC_ISA_USAGE = YES_ERROR;
				CLANG_WARN_EMPTY_BODY = YES;
				CLANG_WARN_ENUM_CONVERSION = YES;
				CLANG_WARN_INT_CONVERSION = YES;
				CLANG_WARN_OBJC_ROOT_CLASS = YES_ERROR;
				CLANG_WARN_UNREACHABLE_CODE = YES;
				CLANG_WARN__DUPLICATE_METHOD_MATCH = YES;
				"CODE_SIGN_IDENTITY[sdk=iphoneos*]" = "iPhone Developer";
				COPY_PHASE_STRIP = NO;
				ENABLE_STRICT_OBJC_MSGSEND = YES;
				GCC_C_LANGUAGE_STANDARD = gnu99;
				GCC_DYNAMIC_NO_PIC = NO;
				GCC_OPTIMIZATION_LEVEL = 0;
				GCC_PREPROCESSOR_DEFINITIONS = (
					"DEBUG=1",
					"$(inherited)",
				);
				GCC_SYMBOLS_PRIVATE_EXTERN = NO;
				GCC_WARN_64_TO_32_BIT_CONVERSION = YES;
				GCC_WARN_ABOUT_RETURN_TYPE = YES_ERROR;
				GCC_WARN_UNDECLARED_SELECTOR = YES;
				GCC_WARN_UNINITIALIZED_AUTOS = YES_AGGRESSIVE;
				GCC_WARN_UNUSED_FUNCTION = YES;
				GCC_WARN_UNUSED_VARIABLE = YES;
				IPHONEOS_DEPLOYMENT_TARGET = 7.1;
				MTL_ENABLE_DEBUG_INFO = YES;
				ONLY_ACTIVE_ARCH = YES;
				SDKROOT = iphoneos;
			};
			name = Debug;
		};
		5788B9201A7D47370057200A /* Release */ = {
			isa = XCBuildConfiguration;
			buildSettings = {
				ALWAYS_SEARCH_USER_PATHS = NO;
				CLANG_CXX_LANGUAGE_STANDARD = "gnu++0x";
				CLANG_CXX_LIBRARY = "libc++";
				CLANG_ENABLE_MODULES = YES;
				CLANG_ENABLE_OBJC_ARC = YES;
				CLANG_WARN_BOOL_CONVERSION = YES;
				CLANG_WARN_CONSTANT_CONVERSION = YES;
				CLANG_WARN_DIRECT_OBJC_ISA_USAGE = YES_ERROR;
				CLANG_WARN_EMPTY_BODY = YES;
				CLANG_WARN_ENUM_CONVERSION = YES;
				CLANG_WARN_INT_CONVERSION = YES;
				CLANG_WARN_OBJC_ROOT_CLASS = YES_ERROR;
				CLANG_WARN_UNREACHABLE_CODE = YES;
				CLANG_WARN__DUPLICATE_METHOD_MATCH = YES;
				"CODE_SIGN_IDENTITY[sdk=iphoneos*]" = "iPhone Developer";
				COPY_PHASE_STRIP = YES;
				ENABLE_NS_ASSERTIONS = NO;
				ENABLE_STRICT_OBJC_MSGSEND = YES;
				GCC_C_LANGUAGE_STANDARD = gnu99;
				GCC_WARN_64_TO_32_BIT_CONVERSION = YES;
				GCC_WARN_ABOUT_RETURN_TYPE = YES_ERROR;
				GCC_WARN_UNDECLARED_SELECTOR = YES;
				GCC_WARN_UNINITIALIZED_AUTOS = YES_AGGRESSIVE;
				GCC_WARN_UNUSED_FUNCTION = YES;
				GCC_WARN_UNUSED_VARIABLE = YES;
				IPHONEOS_DEPLOYMENT_TARGET = 7.1;
				MTL_ENABLE_DEBUG_INFO = NO;
				SDKROOT = iphoneos;
				VALIDATE_PRODUCT = YES;
			};
			name = Release;
		};
		5788B9221A7D47370057200A /* Debug */ = {
			isa = XCBuildConfiguration;
			buildSettings = {
				ASSETCATALOG_COMPILER_APPICON_NAME = AppIcon;
				ASSETCATALOG_COMPILER_LAUNCHIMAGE_NAME = LaunchImage;
				INFOPLIST_FILE = "The Day of Cycle/Info.plist";
				IPHONEOS_DEPLOYMENT_TARGET = 7.1;
				LD_RUNPATH_SEARCH_PATHS = "$(inherited) @executable_path/Frameworks";
				PRODUCT_NAME = "$(TARGET_NAME)";
			};
			name = Debug;
		};
		5788B9231A7D47370057200A /* Release */ = {
			isa = XCBuildConfiguration;
			buildSettings = {
				ASSETCATALOG_COMPILER_APPICON_NAME = AppIcon;
				ASSETCATALOG_COMPILER_LAUNCHIMAGE_NAME = LaunchImage;
				INFOPLIST_FILE = "The Day of Cycle/Info.plist";
				IPHONEOS_DEPLOYMENT_TARGET = 7.1;
				LD_RUNPATH_SEARCH_PATHS = "$(inherited) @executable_path/Frameworks";
				PRODUCT_NAME = "$(TARGET_NAME)";
			};
			name = Release;
		};
		5788B9251A7D47370057200A /* Debug */ = {
			isa = XCBuildConfiguration;
			buildSettings = {
				BUNDLE_LOADER = "$(TEST_HOST)";
				FRAMEWORK_SEARCH_PATHS = (
					"$(SDKROOT)/Developer/Library/Frameworks",
					"$(inherited)",
				);
				GCC_PREPROCESSOR_DEFINITIONS = (
					"DEBUG=1",
					"$(inherited)",
				);
				INFOPLIST_FILE = "The Day of CycleTests/Info.plist";
				LD_RUNPATH_SEARCH_PATHS = "$(inherited) @executable_path/Frameworks @loader_path/Frameworks";
				PRODUCT_NAME = "$(TARGET_NAME)";
				TEST_HOST = "$(BUILT_PRODUCTS_DIR)/The Day of Cycle.app/The Day of Cycle";
			};
			name = Debug;
		};
		5788B9261A7D47370057200A /* Release */ = {
			isa = XCBuildConfiguration;
			buildSettings = {
				BUNDLE_LOADER = "$(TEST_HOST)";
				FRAMEWORK_SEARCH_PATHS = (
					"$(SDKROOT)/Developer/Library/Frameworks",
					"$(inherited)",
				);
				INFOPLIST_FILE = "The Day of CycleTests/Info.plist";
				LD_RUNPATH_SEARCH_PATHS = "$(inherited) @executable_path/Frameworks @loader_path/Frameworks";
				PRODUCT_NAME = "$(TARGET_NAME)";
				TEST_HOST = "$(BUILT_PRODUCTS_DIR)/The Day of Cycle.app/The Day of Cycle";
			};
			name = Release;
		};
/* End XCBuildConfiguration section */

/* Begin XCConfigurationList section */
		5788B8F91A7D47360057200A /* Build configuration list for PBXProject "The Day of Cycle" */ = {
			isa = XCConfigurationList;
			buildConfigurations = (
				5788B91F1A7D47370057200A /* Debug */,
				5788B9201A7D47370057200A /* Release */,
			);
			defaultConfigurationIsVisible = 0;
			defaultConfigurationName = Release;
		};
		5788B9211A7D47370057200A /* Build configuration list for PBXNativeTarget "The Day of Cycle" */ = {
			isa = XCConfigurationList;
			buildConfigurations = (
				5788B9221A7D47370057200A /* Debug */,
				5788B9231A7D47370057200A /* Release */,
			);
			defaultConfigurationIsVisible = 0;
			defaultConfigurationName = Release;
		};
		5788B9241A7D47370057200A /* Build configuration list for PBXNativeTarget "The Day of CycleTests" */ = {
			isa = XCConfigurationList;
			buildConfigurations = (
				5788B9251A7D47370057200A /* Debug */,
				5788B9261A7D47370057200A /* Release */,
			);
			defaultConfigurationIsVisible = 0;
			defaultConfigurationName = Release;
		};
/* End XCConfigurationList section */
	};
	rootObject = 5788B8F61A7D47360057200A /* Project object */;
}
